
Microsoft Visual Studio Solution File, Format Version 12.00
# Visual Studio Version 17
VisualStudioVersion = 17.3.32825.248
MinimumVisualStudioVersion = 10.0.40219.1
Project("{FAE04EC0-301F-11D3-BF4B-00C04F79EFBC}") = "Blog", "Blog.csproj", "{0205928E-893E-430C-BB08-678C24311DEF}"
EndProject
Global
	GlobalSection(SolutionConfigurationPlatforms) = preSolution
		Debug|Any CPU = Debug|Any CPU
		Release|Any CPU = Release|Any CPU
	EndGlobalSection
	GlobalSection(ProjectConfigurationPlatforms) = postSolution
		{0205928E-893E-430C-BB08-678C24311DEF}.Debug|Any CPU.ActiveCfg = Debug|Any CPU
		{0205928E-893E-430C-BB08-678C24311DEF}.Debug|Any CPU.Build.0 = Debug|Any CPU
		{0205928E-893E-430C-BB08-678C24311DEF}.Release|Any CPU.ActiveCfg = Release|Any CPU
		{0205928E-893E-430C-BB08-678C24311DEF}.Release|Any CPU.Build.0 = Release|Any CPU
	EndGlobalSection
	GlobalSection(SolutionProperties) = preSolution
		HideSolutionNode = FALSE
	EndGlobalSection
	GlobalSection(ExtensibilityGlobals) = postSolution
		SolutionGuid = {2D854002-8202-4048-93E9-886623C2A1AC}
	EndGlobalSection
EndGlobal
